
Microsoft Visual Studio Solution File, Format Version 12.00
# Visual Studio Version 17
VisualStudioVersion = 17.7.34009.444
MinimumVisualStudioVersion = 10.0.40219.1
Project("{9A19103F-16F7-4668-BE54-9A1E7A4F7556}") = "PointsApp1", "PointsApp1\PointsApp1.csproj", "{0CE1D4A6-3CAA-4446-A1ED-262C504C335A}"
EndProject
Project("{FAE04EC0-301F-11D3-BF4B-00C04F79EFBC}") = "PointsApp1Tests", "PointsAppTests\PointsApp1Tests.csproj", "{1D5E52B3-B6E1-46B1-B6A0-239F4BBCABA3}"
EndProject
Global
	GlobalSection(SolutionConfigurationPlatforms) = preSolution
		Debug|Any CPU = Debug|Any CPU
		Release|Any CPU = Release|Any CPU
	EndGlobalSection
	GlobalSection(ProjectConfigurationPlatforms) = postSolution
		{0CE1D4A6-3CAA-4446-A1ED-262C504C335A}.Debug|Any CPU.ActiveCfg = Debug|Any CPU
		{0CE1D4A6-3CAA-4446-A1ED-262C504C335A}.Debug|Any CPU.Build.0 = Debug|Any CPU
		{0CE1D4A6-3CAA-4446-A1ED-262C504C335A}.Release|Any CPU.ActiveCfg = Release|Any CPU
		{0CE1D4A6-3CAA-4446-A1ED-262C504C335A}.Release|Any CPU.Build.0 = Release|Any CPU
		{1D5E52B3-B6E1-46B1-B6A0-239F4BBCABA3}.Debug|Any CPU.ActiveCfg = Debug|Any CPU
		{1D5E52B3-B6E1-46B1-B6A0-239F4BBCABA3}.Debug|Any CPU.Build.0 = Debug|Any CPU
		{1D5E52B3-B6E1-46B1-B6A0-239F4BBCABA3}.Release|Any CPU.ActiveCfg = Release|Any CPU
		{1D5E52B3-B6E1-46B1-B6A0-239F4BBCABA3}.Release|Any CPU.Build.0 = Release|Any CPU
	EndGlobalSection
	GlobalSection(SolutionProperties) = preSolution
		HideSolutionNode = FALSE
	EndGlobalSection
	GlobalSection(ExtensibilityGlobals) = postSolution
		SolutionGuid = {72923874-BDC6-4216-8AB8-95E7C84E3FB0}
	EndGlobalSection
EndGlobal
